
Microsoft Visual Studio Solution File, Format Version 12.00
# Visual Studio 15
VisualStudioVersion = 15.0.26730.16
MinimumVisualStudioVersion = 10.0.40219.1
Project("{FAE04EC0-301F-11D3-BF4B-00C04F79EFBC}") = "StAugustineApp.Android", "StAugustineApp\StAugustineApp.Android\StAugustineApp.Android.csproj", "{9C13510A-1343-4952-BFEA-8F30C3C37405}"
EndProject
Project("{FAE04EC0-301F-11D3-BF4B-00C04F79EFBC}") = "StAugustineApp", "StAugustineApp\StAugustineApp\StAugustineApp.csproj", "{71CCB541-20E0-46CD-8FEC-0B33093DFF5E}"
EndProject
Project("{FAE04EC0-301F-11D3-BF4B-00C04F79EFBC}") = "StAugustineApp.iOS", "StAugustineApp\StAugustineApp.iOS\StAugustineApp.iOS.csproj", "{DC1D3CF9-089D-4F80-92A7-603FFCDFC90E}"
EndProject
Global
	GlobalSection(SolutionConfigurationPlatforms) = preSolution
		Ad-Hoc|Any CPU = Ad-Hoc|Any CPU
		Ad-Hoc|iPhone = Ad-Hoc|iPhone
		Ad-Hoc|iPhoneSimulator = Ad-Hoc|iPhoneSimulator
		AppStore|Any CPU = AppStore|Any CPU
		AppStore|iPhone = AppStore|iPhone
		AppStore|iPhoneSimulator = AppStore|iPhoneSimulator
		Debug|Any CPU = Debug|Any CPU
		Debug|iPhone = Debug|iPhone
		Debug|iPhoneSimulator = Debug|iPhoneSimulator
		Release|Any CPU = Release|Any CPU
		Release|iPhone = Release|iPhone
		Release|iPhoneSimulator = Release|iPhoneSimulator
	EndGlobalSection
	GlobalSection(ProjectConfigurationPlatforms) = postSolution
		{9C13510A-1343-4952-BFEA-8F30C3C37405}.Ad-Hoc|Any CPU.ActiveCfg = Release|Any CPU
		{9C13510A-1343-4952-BFEA-8F30C3C37405}.Ad-Hoc|Any CPU.Build.0 = Release|Any CPU
		{9C13510A-1343-4952-BFEA-8F30C3C37405}.Ad-Hoc|Any CPU.Deploy.0 = Release|Any CPU
		{9C13510A-1343-4952-BFEA-8F30C3C37405}.Ad-Hoc|iPhone.ActiveCfg = Release|Any CPU
		{9C13510A-1343-4952-BFEA-8F30C3C37405}.Ad-Hoc|iPhone.Build.0 = Release|Any CPU
		{9C13510A-1343-4952-BFEA-8F30C3C37405}.Ad-Hoc|iPhone.Deploy.0 = Release|Any CPU
		{9C13510A-1343-4952-BFEA-8F30C3C37405}.Ad-Hoc|iPhoneSimulator.ActiveCfg = Release|Any CPU
		{9C13510A-1343-4952-BFEA-8F30C3C37405}.Ad-Hoc|iPhoneSimulator.Build.0 = Release|Any CPU
		{9C13510A-1343-4952-BFEA-8F30C3C37405}.Ad-Hoc|iPhoneSimulator.Deploy.0 = Release|Any CPU
		{9C13510A-1343-4952-BFEA-8F30C3C37405}.AppStore|Any CPU.ActiveCfg = Release|Any CPU
		{9C13510A-1343-4952-BFEA-8F30C3C37405}.AppStore|Any CPU.Build.0 = Release|Any CPU
		{9C13510A-1343-4952-BFEA-8F30C3C37405}.AppStore|Any CPU.Deploy.0 = Release|Any CPU
		{9C13510A-1343-4952-BFEA-8F30C3C37405}.AppStore|iPhone.ActiveCfg = Release|Any CPU
		{9C13510A-1343-4952-BFEA-8F30C3C37405}.AppStore|iPhone.Build.0 = Release|Any CPU
		{9C13510A-1343-4952-BFEA-8F30C3C37405}.AppStore|iPhone.Deploy.0 = Release|Any CPU
		{9C13510A-1343-4952-BFEA-8F30C3C37405}.AppStore|iPhoneSimulator.ActiveCfg = Release|Any CPU
		{9C13510A-1343-4952-BFEA-8F30C3C37405}.AppStore|iPhoneSimulator.Build.0 = Release|Any CPU
		{9C13510A-1343-4952-BFEA-8F30C3C37405}.AppStore|iPhoneSimulator.Deploy.0 = Release|Any CPU
		{9C13510A-1343-4952-BFEA-8F30C3C37405}.Debug|Any CPU.ActiveCfg = Debug|Any CPU
		{9C13510A-1343-4952-BFEA-8F30C3C37405}.Debug|Any CPU.Build.0 = Debug|Any CPU
		{9C13510A-1343-4952-BFEA-8F30C3C37405}.Debug|Any CPU.Deploy.0 = Debug|Any CPU
		{9C13510A-1343-4952-BFEA-8F30C3C37405}.Debug|iPhone.ActiveCfg = Debug|Any CPU
		{9C13510A-1343-4952-BFEA-8F30C3C37405}.Debug|iPhone.Build.0 = Debug|Any CPU
		{9C13510A-1343-4952-BFEA-8F30C3C37405}.Debug|iPhone.Deploy.0 = Debug|Any CPU
		{9C13510A-1343-4952-BFEA-8F30C3C37405}.Debug|iPhoneSimulator.ActiveCfg = Debug|Any CPU
		{9C13510A-1343-4952-BFEA-8F30C3C37405}.Debug|iPhoneSimulator.Build.0 = Debug|Any CPU
		{9C13510A-1343-4952-BFEA-8F30C3C37405}.Debug|iPhoneSimulator.Deploy.0 = Debug|Any CPU
		{9C13510A-1343-4952-BFEA-8F30C3C37405}.Release|Any CPU.ActiveCfg = Release|Any CPU
		{9C13510A-1343-4952-BFEA-8F30C3C37405}.Release|Any CPU.Build.0 = Release|Any CPU
		{9C13510A-1343-4952-BFEA-8F30C3C37405}.Release|Any CPU.Deploy.0 = Release|Any CPU
		{9C13510A-1343-4952-BFEA-8F30C3C37405}.Release|iPhone.ActiveCfg = Release|Any CPU
		{9C13510A-1343-4952-BFEA-8F30C3C37405}.Release|iPhone.Build.0 = Release|Any CPU
		{9C13510A-1343-4952-BFEA-8F30C3C37405}.Release|iPhone.Deploy.0 = Release|Any CPU
		{9C13510A-1343-4952-BFEA-8F30C3C37405}.Release|iPhoneSimulator.ActiveCfg = Release|Any CPU
		{9C13510A-1343-4952-BFEA-8F30C3C37405}.Release|iPhoneSimulator.Build.0 = Release|Any CPU
		{9C13510A-1343-4952-BFEA-8F30C3C37405}.Release|iPhoneSimulator.Deploy.0 = Release|Any CPU
		{71CCB541-20E0-46CD-8FEC-0B33093DFF5E}.Ad-Hoc|Any CPU.ActiveCfg = Release|Any CPU
		{71CCB541-20E0-46CD-8FEC-0B33093DFF5E}.Ad-Hoc|Any CPU.Build.0 = Release|Any CPU
		{71CCB541-20E0-46CD-8FEC-0B33093DFF5E}.Ad-Hoc|iPhone.ActiveCfg = Release|Any CPU
		{71CCB541-20E0-46CD-8FEC-0B33093DFF5E}.Ad-Hoc|iPhone.Build.0 = Release|Any CPU
		{71CCB541-20E0-46CD-8FEC-0B33093DFF5E}.Ad-Hoc|iPhoneSimulator.ActiveCfg = Release|Any CPU
		{71CCB541-20E0-46CD-8FEC-0B33093DFF5E}.Ad-Hoc|iPhoneSimulator.Build.0 = Release|Any CPU
		{71CCB541-20E0-46CD-8FEC-0B33093DFF5E}.AppStore|Any CPU.ActiveCfg = Release|Any CPU
		{71CCB541-20E0-46CD-8FEC-0B33093DFF5E}.AppStore|Any CPU.Build.0 = Release|Any CPU
		{71CCB541-20E0-46CD-8FEC-0B33093DFF5E}.AppStore|iPhone.ActiveCfg = Release|Any CPU
		{71CCB541-20E0-46CD-8FEC-0B33093DFF5E}.AppStore|iPhone.Build.0 = Release|Any CPU
		{71CCB541-20E0-46CD-8FEC-0B33093DFF5E}.AppStore|iPhoneSimulator.ActiveCfg = Release|Any CPU
		{71CCB541-20E0-46CD-8FEC-0B33093DFF5E}.AppStore|iPhoneSimulator.Build.0 = Release|Any CPU
		{71CCB541-20E0-46CD-8FEC-0B33093DFF5E}.Debug|Any CPU.ActiveCfg = Debug|Any CPU
		{71CCB541-20E0-46CD-8FEC-0B33093DFF5E}.Debug|Any CPU.Build.0 = Debug|Any CPU
		{71CCB541-20E0-46CD-8FEC-0B33093DFF5E}.Debug|iPhone.ActiveCfg = Debug|Any CPU
		{71CCB541-20E0-46CD-8FEC-0B33093DFF5E}.Debug|iPhone.Build.0 = Debug|Any CPU
		{71CCB541-20E0-46CD-8FEC-0B33093DFF5E}.Debug|iPhoneSimulator.ActiveCfg = Debug|Any CPU
		{71CCB541-20E0-46CD-8FEC-0B33093DFF5E}.Debug|iPhoneSimulator.Build.0 = Debug|Any CPU
		{71CCB541-20E0-46CD-8FEC-0B33093DFF5E}.Release|Any CPU.ActiveCfg = Release|Any CPU
		{71CCB541-20E0-46CD-8FEC-0B33093DFF5E}.Release|Any CPU.Build.0 = Release|Any CPU
		{71CCB541-20E0-46CD-8FEC-0B33093DFF5E}.Release|iPhone.ActiveCfg = Release|Any CPU
		{71CCB541-20E0-46CD-8FEC-0B33093DFF5E}.Release|iPhone.Build.0 = Release|Any CPU
		{71CCB541-20E0-46CD-8FEC-0B33093DFF5E}.Release|iPhoneSimulator.ActiveCfg = Release|Any CPU
		{71CCB541-20E0-46CD-8FEC-0B33093DFF5E}.Release|iPhoneSimulator.Build.0 = Release|Any CPU
		{DC1D3CF9-089D-4F80-92A7-603FFCDFC90E}.Ad-Hoc|Any CPU.ActiveCfg = Ad-Hoc|iPhone
		{DC1D3CF9-089D-4F80-92A7-603FFCDFC90E}.Ad-Hoc|iPhone.ActiveCfg = Ad-Hoc|iPhone
		{DC1D3CF9-089D-4F80-92A7-603FFCDFC90E}.Ad-Hoc|iPhone.Build.0 = Ad-Hoc|iPhone
		{DC1D3CF9-089D-4F80-92A7-603FFCDFC90E}.Ad-Hoc|iPhoneSimulator.ActiveCfg = Ad-Hoc|iPhoneSimulator
		{DC1D3CF9-089D-4F80-92A7-603FFCDFC90E}.Ad-Hoc|iPhoneSimulator.Build.0 = Ad-Hoc|iPhoneSimulator
		{DC1D3CF9-089D-4F80-92A7-603FFCDFC90E}.AppStore|Any CPU.ActiveCfg = AppStore|iPhone
		{DC1D3CF9-089D-4F80-92A7-603FFCDFC90E}.AppStore|iPhone.ActiveCfg = AppStore|iPhone
		{DC1D3CF9-089D-4F80-92A7-603FFCDFC90E}.AppStore|iPhone.Build.0 = AppStore|iPhone
		{DC1D3CF9-089D-4F80-92A7-603FFCDFC90E}.AppStore|iPhoneSimulator.ActiveCfg = AppStore|iPhoneSimulator
		{DC1D3CF9-089D-4F80-92A7-603FFCDFC90E}.AppStore|iPhoneSimulator.Build.0 = AppStore|iPhoneSimulator
		{DC1D3CF9-089D-4F80-92A7-603FFCDFC90E}.Debug|Any CPU.ActiveCfg = Debug|iPhone
		{DC1D3CF9-089D-4F80-92A7-603FFCDFC90E}.Debug|iPhone.ActiveCfg = Debug|iPhone
		{DC1D3CF9-089D-4F80-92A7-603FFCDFC90E}.Debug|iPhone.Build.0 = Debug|iPhone
		{DC1D3CF9-089D-4F80-92A7-603FFCDFC90E}.Debug|iPhoneSimulator.ActiveCfg = Debug|iPhoneSimulator
		{DC1D3CF9-089D-4F80-92A7-603FFCDFC90E}.Debug|iPhoneSimulator.Build.0 = Debug|iPhoneSimulator
		{DC1D3CF9-089D-4F80-92A7-603FFCDFC90E}.Release|Any CPU.ActiveCfg = Release|iPhone
		{DC1D3CF9-089D-4F80-92A7-603FFCDFC90E}.Release|iPhone.ActiveCfg = Release|iPhone
		{DC1D3CF9-089D-4F80-92A7-603FFCDFC90E}.Release|iPhone.Build.0 = Release|iPhone
		{DC1D3CF9-089D-4F80-92A7-603FFCDFC90E}.Release|iPhoneSimulator.ActiveCfg = Release|iPhoneSimulator
		{DC1D3CF9-089D-4F80-92A7-603FFCDFC90E}.Release|iPhoneSimulator.Build.0 = Release|iPhoneSimulator
	EndGlobalSection
	GlobalSection(SolutionProperties) = preSolution
		HideSolutionNode = FALSE
	EndGlobalSection
	GlobalSection(ExtensibilityGlobals) = postSolution
		SolutionGuid = {E651607F-E660-4D33-9C04-5F7764DF1F9F}
	EndGlobalSection
EndGlobal
